# THIS IS AN AUTOGENERATED FILE. DO NOT EDIT THIS FILE DIRECTLY.
# yarn lockfile v1


"@types/node@^16.11.0":
  version "16.11.28"
  resolved "https://registry.yarnpkg.com/@types/node/-/node-16.11.28.tgz#4c16c266882b1cbd268719ea6c7c8ff3c60aae39"
  integrity sha512-l/y1ZZpWqevemVQmk0Q1TPohlJTul7u9ysq3bw6xlRDO8z+98JBI6gp4JS0OK8YkWUdYxnJU35H4vOzuiOFIag==
